
Microsoft Visual Studio Solution File, Format Version 12.00
# Visual Studio Version 16
VisualStudioVersion = 16.0.29519.181
MinimumVisualStudioVersion = 10.0.40219.1
Project("{9A19103F-16F7-4668-BE54-9A1E7A4F7556}") = "EsercizioDifficile1", "EsercizioDifficile1\EsercizioDifficile1.csproj", "{66AAD21E-8A7F-4AE2-A51A-D4946DEDB301}"
EndProject
Global
	GlobalSection(SolutionConfigurationPlatforms) = preSolution
		Debug|Any CPU = Debug|Any CPU
		Release|Any CPU = Release|Any CPU
	EndGlobalSection
	GlobalSection(ProjectConfigurationPlatforms) = postSolution
		{66AAD21E-8A7F-4AE2-A51A-D4946DEDB301}.Debug|Any CPU.ActiveCfg = Debug|Any CPU
		{66AAD21E-8A7F-4AE2-A51A-D4946DEDB301}.Debug|Any CPU.Build.0 = Debug|Any CPU
		{66AAD21E-8A7F-4AE2-A51A-D4946DEDB301}.Release|Any CPU.ActiveCfg = Release|Any CPU
		{66AAD21E-8A7F-4AE2-A51A-D4946DEDB301}.Release|Any CPU.Build.0 = Release|Any CPU
	EndGlobalSection
	GlobalSection(SolutionProperties) = preSolution
		HideSolutionNode = FALSE
	EndGlobalSection
	GlobalSection(ExtensibilityGlobals) = postSolution
		SolutionGuid = {74800A25-D900-4A70-B915-A63A5C00ED79}
	EndGlobalSection
EndGlobal
